// !$*UTF8*$!
{
	archiveVersion = 1;
	classes = {
	};
	objectVersion = 56;
	objects = {

/* Begin PBXBuildFile section */
		582518932B3B224100AA8DDB /* Pomodoro_ClockApp.swift in Sources */ = {isa = PBXBuildFile; fileRef = 582518922B3B224100AA8DDB /* Pomodoro_ClockApp.swift */; };
		582518952B3B224100AA8DDB /* PomodoroClockView1.swift in Sources */ = {isa = PBXBuildFile; fileRef = 582518942B3B224100AA8DDB /* PomodoroClockView1.swift */; };
		582518972B3B224300AA8DDB /* Assets.xcassets in Resources */ = {isa = PBXBuildFile; fileRef = 582518962B3B224300AA8DDB /* Assets.xcassets */; };
		5825189A2B3B224300AA8DDB /* Preview Assets.xcassets in Resources */ = {isa = PBXBuildFile; fileRef = 582518992B3B224300AA8DDB /* Preview Assets.xcassets */; };
		582518A42B3B224300AA8DDB /* Pomodoro_ClockTests.swift in Sources */ = {isa = PBXBuildFile; fileRef = 582518A32B3B224300AA8DDB /* Pomodoro_ClockTests.swift */; };
		582518AE2B3B224300AA8DDB /* Pomodoro_ClockUITests.swift in Sources */ = {isa = PBXBuildFile; fileRef = 582518AD2B3B224300AA8DDB /* Pomodoro_ClockUITests.swift */; };
		582518B02B3B224300AA8DDB /* Pomodoro_ClockUITestsLaunchTests.swift in Sources */ = {isa = PBXBuildFile; fileRef = 582518AF2B3B224300AA8DDB /* Pomodoro_ClockUITestsLaunchTests.swift */; };
		582518BF2B3B269400AA8DDB /* ButtonView.swift in Sources */ = {isa = PBXBuildFile; fileRef = 582518BE2B3B269400AA8DDB /* ButtonView.swift */; };
/* End PBXBuildFile section */

/* Begin PBXContainerItemProxy section */
		582518A02B3B224300AA8DDB /* PBXContainerItemProxy */ = {
			isa = PBXContainerItemProxy;
			containerPortal = 582518872B3B224100AA8DDB /* Project object */;
			proxyType = 1;
			remoteGlobalIDString = 5825188E2B3B224100AA8DDB;
			remoteInfo = "Pomodoro Clock";
		};
		582518AA2B3B224300AA8DDB /* PBXContainerItemProxy */ = {
			isa = PBXContainerItemProxy;
			containerPortal = 582518872B3B224100AA8DDB /* Project object */;
			proxyType = 1;
			remoteGlobalIDString = 5825188E2B3B224100AA8DDB;
			remoteInfo = "Pomodoro Clock";
		};
/* End PBXContainerItemProxy section */

/* Begin PBXFileReference section */
		5825188F2B3B224100AA8DDB /* Pomodoro Clock.app */ = {isa = PBXFileReference; explicitFileType = wrapper.application; includeInIndex = 0; path = "Pomodoro Clock.app"; sourceTree = BUILT_PRODUCTS_DIR; };
		582518922B3B224100AA8DDB /* Pomodoro_ClockApp.swift */ = {isa = PBXFileReference; lastKnownFileType = sourcecode.swift; path = Pomodoro_ClockApp.swift; sourceTree = "<group>"; };
		582518942B3B224100AA8DDB /* PomodoroClockView1.swift */ = {isa = PBXFileReference; lastKnownFileType = sourcecode.swift; path = PomodoroClockView1.swift; sourceTree = "<group>"; };
		582518962B3B224300AA8DDB /* Assets.xcassets */ = {isa = PBXFileReference; lastKnownFileType = folder.assetcatalog; path = Assets.xcassets; sourceTree = "<group>"; };
		582518992B3B224300AA8DDB /* Preview Assets.xcassets */ = {isa = PBXFileReference; lastKnownFileType = folder.assetcatalog; path = "Preview Assets.xcassets"; sourceTree = "<group>"; };
		5825189F2B3B224300AA8DDB /* Pomodoro ClockTests.xctest */ = {isa = PBXFileReference; explicitFileType = wrapper.cfbundle; includeInIndex = 0; path = "Pomodoro ClockTests.xctest"; sourceTree = BUILT_PRODUCTS_DIR; };
		582518A32B3B224300AA8DDB /* Pomodoro_ClockTests.swift */ = {isa = PBXFileReference; lastKnownFileType = sourcecode.swift; path = Pomodoro_ClockTests.swift; sourceTree = "<group>"; };
		582518A92B3B224300AA8DDB /* Pomodoro ClockUITests.xctest */ = {isa = PBXFileReference; explicitFileType = wrapper.cfbundle; includeInIndex = 0; path = "Pomodoro ClockUITests.xctest"; sourceTree = BUILT_PRODUCTS_DIR; };
		582518AD2B3B224300AA8DDB /* Pomodoro_ClockUITests.swift */ = {isa = PBXFileReference; lastKnownFileType = sourcecode.swift; path = Pomodoro_ClockUITests.swift; sourceTree = "<group>"; };
		582518AF2B3B224300AA8DDB /* Pomodoro_ClockUITestsLaunchTests.swift */ = {isa = PBXFileReference; lastKnownFileType = sourcecode.swift; path = Pomodoro_ClockUITestsLaunchTests.swift; sourceTree = "<group>"; };
		582518BE2B3B269400AA8DDB /* ButtonView.swift */ = {isa = PBXFileReference; lastKnownFileType = sourcecode.swift; path = ButtonView.swift; sourceTree = "<group>"; };
/* End PBXFileReference section */

/* Begin PBXFrameworksBuildPhase section */
		5825188C2B3B224100AA8DDB /* Frameworks */ = {
			isa = PBXFrameworksBuildPhase;
			buildActionMask = 2147483647;
			files = (
			);
			runOnlyForDeploymentPostprocessing = 0;
		};
		5825189C2B3B224300AA8DDB /* Frameworks */ = {
			isa = PBXFrameworksBuildPhase;
			buildActionMask = 2147483647;
			files = (
			);
			runOnlyForDeploymentPostprocessing = 0;
		};
		582518A62B3B224300AA8DDB /* Frameworks */ = {
			isa = PBXFrameworksBuildPhase;
			buildActionMask = 2147483647;
			files = (
			);
			runOnlyForDeploymentPostprocessing = 0;
		};
/* End PBXFrameworksBuildPhase section */

/* Begin PBXGroup section */
		582518862B3B224100AA8DDB = {
			isa = PBXGroup;
			children = (
				582518912B3B224100AA8DDB /* Pomodoro Clock */,
				582518A22B3B224300AA8DDB /* Pomodoro ClockTests */,
				582518AC2B3B224300AA8DDB /* Pomodoro ClockUITests */,
				582518902B3B224100AA8DDB /* Products */,
			);
			sourceTree = "<group>";
		};
		582518902B3B224100AA8DDB /* Products */ = {
			isa = PBXGroup;
			children = (
				5825188F2B3B224100AA8DDB /* Pomodoro Clock.app */,
				5825189F2B3B224300AA8DDB /* Pomodoro ClockTests.xctest */,
				582518A92B3B224300AA8DDB /* Pomodoro ClockUITests.xctest */,
			);
			name = Products;
			sourceTree = "<group>";
		};
		582518912B3B224100AA8DDB /* Pomodoro Clock */ = {
			isa = PBXGroup;
			children = (
				582518922B3B224100AA8DDB /* Pomodoro_ClockApp.swift */,
				582518942B3B224100AA8DDB /* PomodoroClockView1.swift */,
				582518BE2B3B269400AA8DDB /* ButtonView.swift */,
				582518962B3B224300AA8DDB /* Assets.xcassets */,
				582518982B3B224300AA8DDB /* Preview Content */,
			);
			path = "Pomodoro Clock";
			sourceTree = "<group>";
		};
		582518982B3B224300AA8DDB /* Preview Content */ = {
			isa = PBXGroup;
			children = (
				582518992B3B224300AA8DDB /* Preview Assets.xcassets */,
			);
			path = "Preview Content";
			sourceTree = "<group>";
		};
		582518A22B3B224300AA8DDB /* Pomodoro ClockTests */ = {
			isa = PBXGroup;
			children = (
				582518A32B3B224300AA8DDB /* Pomodoro_ClockTests.swift */,
			);
			path = "Pomodoro ClockTests";
			sourceTree = "<group>";
		};
		582518AC2B3B224300AA8DDB /* Pomodoro ClockUITests */ = {
			isa = PBXGroup;
			children = (
				582518AD2B3B224300AA8DDB /* Pomodoro_ClockUITests.swift */,
				582518AF2B3B224300AA8DDB /* Pomodoro_ClockUITestsLaunchTests.swift */,
			);
			path = "Pomodoro ClockUITests";
			sourceTree = "<group>";
		};
/* End PBXGroup section */

/* Begin PBXNativeTarget section */
		5825188E2B3B224100AA8DDB /* Pomodoro Clock */ = {
			isa = PBXNativeTarget;
			buildConfigurationList = 582518B32B3B224300AA8DDB /* Build configuration list for PBXNativeTarget "Pomodoro Clock" */;
			buildPhases = (
				5825188B2B3B224100AA8DDB /* Sources */,
				5825188C2B3B224100AA8DDB /* Frameworks */,
				5825188D2B3B224100AA8DDB /* Resources */,
			);
			buildRules = (
			);
			dependencies = (
			);
			name = "Pomodoro Clock";
			productName = "Pomodoro Clock";
			productReference = 5825188F2B3B224100AA8DDB /* Pomodoro Clock.app */;
			productType = "com.apple.product-type.application";
		};
		5825189E2B3B224300AA8DDB /* Pomodoro ClockTests */ = {
			isa = PBXNativeTarget;
			buildConfigurationList = 582518B62B3B224300AA8DDB /* Build configuration list for PBXNativeTarget "Pomodoro ClockTests" */;
			buildPhases = (
				5825189B2B3B224300AA8DDB /* Sources */,
				5825189C2B3B224300AA8DDB /* Frameworks */,
				5825189D2B3B224300AA8DDB /* Resources */,
			);
			buildRules = (
			);
			dependencies = (
				582518A12B3B224300AA8DDB /* PBXTargetDependency */,
			);
			name = "Pomodoro ClockTests";
			productName = "Pomodoro ClockTests";
			productReference = 5825189F2B3B224300AA8DDB /* Pomodoro ClockTests.xctest */;
			productType = "com.apple.product-type.bundle.unit-test";
		};
		582518A82B3B224300AA8DDB /* Pomodoro ClockUITests */ = {
			isa = PBXNativeTarget;
			buildConfigurationList = 582518B92B3B224300AA8DDB /* Build configuration list for PBXNativeTarget "Pomodoro ClockUITests" */;
			buildPhases = (
				582518A52B3B224300AA8DDB /* Sources */,
				582518A62B3B224300AA8DDB /* Frameworks */,
				582518A72B3B224300AA8DDB /* Resources */,
			);
			buildRules = (
			);
			dependencies = (
				582518AB2B3B224300AA8DDB /* PBXTargetDependency */,
			);
			name = "Pomodoro ClockUITests";
			productName = "Pomodoro ClockUITests";
			productReference = 582518A92B3B224300AA8DDB /* Pomodoro ClockUITests.xctest */;
			productType = "com.apple.product-type.bundle.ui-testing";
		};
/* End PBXNativeTarget section */

/* Begin PBXProject section */
		582518872B3B224100AA8DDB /* Project object */ = {
			isa = PBXProject;
			attributes = {
				BuildIndependentTargetsInParallel = 1;
				LastSwiftUpdateCheck = 1430;
				LastUpgradeCheck = 1430;
				TargetAttributes = {
					5825188E2B3B224100AA8DDB = {
						CreatedOnToolsVersion = 14.3.1;
					};
					5825189E2B3B224300AA8DDB = {
						CreatedOnToolsVersion = 14.3.1;
						TestTargetID = 5825188E2B3B224100AA8DDB;
					};
					582518A82B3B224300AA8DDB = {
						CreatedOnToolsVersion = 14.3.1;
						TestTargetID = 5825188E2B3B224100AA8DDB;
					};
				};
			};
			buildConfigurationList = 5825188A2B3B224100AA8DDB /* Build configuration list for PBXProject "Pomodoro Clock" */;
			compatibilityVersion = "Xcode 14.0";
			developmentRegion = en;
			hasScannedForEncodings = 0;
			knownRegions = (
				en,
				Base,
			);
			mainGroup = 582518862B3B224100AA8DDB;
			productRefGroup = 582518902B3B224100AA8DDB /* Products */;
			projectDirPath = "";
			projectRoot = "";
			targets = (
				5825188E2B3B224100AA8DDB /* Pomodoro Clock */,
				5825189E2B3B224300AA8DDB /* Pomodoro ClockTests */,
				582518A82B3B224300AA8DDB /* Pomodoro ClockUITests */,
			);
		};
/* End PBXProject section */

/* Begin PBXResourcesBuildPhase section */
		5825188D2B3B224100AA8DDB /* Resources */ = {
			isa = PBXResourcesBuildPhase;
			buildActionMask = 2147483647;
			files = (
				5825189A2B3B224300AA8DDB /* Preview Assets.xcassets in Resources */,
				582518972B3B224300AA8DDB /* Assets.xcassets in Resources */,
			);
			runOnlyForDeploymentPostprocessing = 0;
		};
		5825189D2B3B224300AA8DDB /* Resources */ = {
			isa = PBXResourcesBuildPhase;
			buildActionMask = 2147483647;
			files = (
			);
			runOnlyForDeploymentPostprocessing = 0;
		};
		582518A72B3B224300AA8DDB /* Resources */ = {
			isa = PBXResourcesBuildPhase;
			buildActionMask = 2147483647;
			files = (
			);
			runOnlyForDeploymentPostprocessing = 0;
		};
/* End PBXResourcesBuildPhase section */

/* Begin PBXSourcesBuildPhase section */
		5825188B2B3B224100AA8DDB /* Sources */ = {
			isa = PBXSourcesBuildPhase;
			buildActionMask = 2147483647;
			files = (
				582518952B3B224100AA8DDB /* PomodoroClockView1.swift in Sources */,
				582518932B3B224100AA8DDB /* Pomodoro_ClockApp.swift in Sources */,
				582518BF2B3B269400AA8DDB /* ButtonView.swift in Sources */,
			);
			runOnlyForDeploymentPostprocessing = 0;
		};
		5825189B2B3B224300AA8DDB /* Sources */ = {
			isa = PBXSourcesBuildPhase;
			buildActionMask = 2147483647;
			files = (
				582518A42B3B224300AA8DDB /* Pomodoro_ClockTests.swift in Sources */,
			);
			runOnlyForDeploymentPostprocessing = 0;
		};
		582518A52B3B224300AA8DDB /* Sources */ = {
			isa = PBXSourcesBuildPhase;
			buildActionMask = 2147483647;
			files = (
				582518B02B3B224300AA8DDB /* Pomodoro_ClockUITestsLaunchTests.swift in Sources */,
				582518AE2B3B224300AA8DDB /* Pomodoro_ClockUITests.swift in Sources */,
			);
			runOnlyForDeploymentPostprocessing = 0;
		};
/* End PBXSourcesBuildPhase section */

/* Begin PBXTargetDependency section */
		582518A12B3B224300AA8DDB /* PBXTargetDependency */ = {
			isa = PBXTargetDependency;
			target = 5825188E2B3B224100AA8DDB /* Pomodoro Clock */;
			targetProxy = 582518A02B3B224300AA8DDB /* PBXContainerItemProxy */;
		};
		582518AB2B3B224300AA8DDB /* PBXTargetDependency */ = {
			isa = PBXTargetDependency;
			target = 5825188E2B3B224100AA8DDB /* Pomodoro Clock */;
			targetProxy = 582518AA2B3B224300AA8DDB /* PBXContainerItemProxy */;
		};
/* End PBXTargetDependency section */

/* Begin XCBuildConfiguration section */
		582518B12B3B224300AA8DDB /* Debug */ = {
			isa = XCBuildConfiguration;
			buildSettings = {
				ALWAYS_SEARCH_USER_PATHS = NO;
				CLANG_ANALYZER_NONNULL = YES;
				CLANG_ANALYZER_NUMBER_OBJECT_CONVERSION = YES_AGGRESSIVE;
				CLANG_CXX_LANGUAGE_STANDARD = "gnu++20";
				CLANG_ENABLE_MODULES = YES;
				CLANG_ENABLE_OBJC_ARC = YES;
				CLANG_ENABLE_OBJC_WEAK = YES;
				CLANG_WARN_BLOCK_CAPTURE_AUTORELEASING = YES;
				CLANG_WARN_BOOL_CONVERSION = YES;
				CLANG_WARN_COMMA = YES;
				CLANG_WARN_CONSTANT_CONVERSION = YES;
				CLANG_WARN_DEPRECATED_OBJC_IMPLEMENTATIONS = YES;
				CLANG_WARN_DIRECT_OBJC_ISA_USAGE = YES_ERROR;
				CLANG_WARN_DOCUMENTATION_COMMENTS = YES;
				CLANG_WARN_EMPTY_BODY = YES;
				CLANG_WARN_ENUM_CONVERSION = YES;
				CLANG_WARN_INFINITE_RECURSION = YES;
				CLANG_WARN_INT_CONVERSION = YES;
				CLANG_WARN_NON_LITERAL_NULL_CONVERSION = YES;
				CLANG_WARN_OBJC_IMPLICIT_RETAIN_SELF = YES;
				CLANG_WARN_OBJC_LITERAL_CONVERSION = YES;
				CLANG_WARN_OBJC_ROOT_CLASS = YES_ERROR;
				CLANG_WARN_QUOTED_INCLUDE_IN_FRAMEWORK_HEADER = YES;
				CLANG_WARN_RANGE_LOOP_ANALYSIS = YES;
				CLANG_WARN_STRICT_PROTOTYPES = YES;
				CLANG_WARN_SUSPICIOUS_MOVE = YES;
				CLANG_WARN_UNGUARDED_AVAILABILITY = YES_AGGRESSIVE;
				CLANG_WARN_UNREACHABLE_CODE = YES;
				CLANG_WARN__DUPLICATE_METHOD_MATCH = YES;
				COPY_PHASE_STRIP = NO;
				DEBUG_INFORMATION_FORMAT = dwarf;
				ENABLE_STRICT_OBJC_MSGSEND = YES;
				ENABLE_TESTABILITY = YES;
				GCC_C_LANGUAGE_STANDARD = gnu11;
				GCC_DYNAMIC_NO_PIC = NO;
				GCC_NO_COMMON_BLOCKS = YES;
				GCC_OPTIMIZATION_LEVEL = 0;
				GCC_PREPROCESSOR_DEFINITIONS = (
					"DEBUG=1",
					"$(inherited)",
				);
				GCC_WARN_64_TO_32_BIT_CONVERSION = YES;
				GCC_WARN_ABOUT_RETURN_TYPE = YES_ERROR;
				GCC_WARN_UNDECLARED_SELECTOR = YES;
				GCC_WARN_UNINITIALIZED_AUTOS = YES_AGGRESSIVE;
				GCC_WARN_UNUSED_FUNCTION = YES;
				GCC_WARN_UNUSED_VARIABLE = YES;
				IPHONEOS_DEPLOYMENT_TARGET = 16.4;
				MTL_ENABLE_DEBUG_INFO = INCLUDE_SOURCE;
				MTL_FAST_MATH = YES;
				ONLY_ACTIVE_ARCH = YES;
				SDKROOT = iphoneos;
				SWIFT_ACTIVE_COMPILATION_CONDITIONS = DEBUG;
				SWIFT_OPTIMIZATION_LEVEL = "-Onone";
			};
			name = Debug;
		};
		582518B22B3B224300AA8DDB /* Release */ = {
			isa = XCBuildConfiguration;
			buildSettings = {
				ALWAYS_SEARCH_USER_PATHS = NO;
				CLANG_ANALYZER_NONNULL = YES;
				CLANG_ANALYZER_NUMBER_OBJECT_CONVERSION = YES_AGGRESSIVE;
				CLANG_CXX_LANGUAGE_STANDARD = "gnu++20";
				CLANG_ENABLE_MODULES = YES;
				CLANG_ENABLE_OBJC_ARC = YES;
				CLANG_ENABLE_OBJC_WEAK = YES;
				CLANG_WARN_BLOCK_CAPTURE_AUTORELEASING = YES;
				CLANG_WARN_BOOL_CONVERSION = YES;
				CLANG_WARN_COMMA = YES;
				CLANG_WARN_CONSTANT_CONVERSION = YES;
				CLANG_WARN_DEPRECATED_OBJC_IMPLEMENTATIONS = YES;
				CLANG_WARN_DIRECT_OBJC_ISA_USAGE = YES_ERROR;
				CLANG_WARN_DOCUMENTATION_COMMENTS = YES;
				CLANG_WARN_EMPTY_BODY = YES;
				CLANG_WARN_ENUM_CONVERSION = YES;
				CLANG_WARN_INFINITE_RECURSION = YES;
				CLANG_WARN_INT_CONVERSION = YES;
				CLANG_WARN_NON_LITERAL_NULL_CONVERSION = YES;
				CLANG_WARN_OBJC_IMPLICIT_RETAIN_SELF = YES;
				CLANG_WARN_OBJC_LITERAL_CONVERSION = YES;
				CLANG_WARN_OBJC_ROOT_CLASS = YES_ERROR;
				CLANG_WARN_QUOTED_INCLUDE_IN_FRAMEWORK_HEADER = YES;
				CLANG_WARN_RANGE_LOOP_ANALYSIS = YES;
				CLANG_WARN_STRICT_PROTOTYPES = YES;
				CLANG_WARN_SUSPICIOUS_MOVE = YES;
				CLANG_WARN_UNGUARDED_AVAILABILITY = YES_AGGRESSIVE;
				CLANG_WARN_UNREACHABLE_CODE = YES;
				CLANG_WARN__DUPLICATE_METHOD_MATCH = YES;
				COPY_PHASE_STRIP = NO;
				DEBUG_INFORMATION_FORMAT = "dwarf-with-dsym";
				ENABLE_NS_ASSERTIONS = NO;
				ENABLE_STRICT_OBJC_MSGSEND = YES;
				GCC_C_LANGUAGE_STANDARD = gnu11;
				GCC_NO_COMMON_BLOCKS = YES;
				GCC_WARN_64_TO_32_BIT_CONVERSION = YES;
				GCC_WARN_ABOUT_RETURN_TYPE = YES_ERROR;
				GCC_WARN_UNDECLARED_SELECTOR = YES;
				GCC_WARN_UNINITIALIZED_AUTOS = YES_AGGRESSIVE;
				GCC_WARN_UNUSED_FUNCTION = YES;
				GCC_WARN_UNUSED_VARIABLE = YES;
				IPHONEOS_DEPLOYMENT_TARGET = 16.4;
				MTL_ENABLE_DEBUG_INFO = NO;
				MTL_FAST_MATH = YES;
				SDKROOT = iphoneos;
				SWIFT_COMPILATION_MODE = wholemodule;
				SWIFT_OPTIMIZATION_LEVEL = "-O";
				VALIDATE_PRODUCT = YES;
			};
			name = Release;
		};
		582518B42B3B224300AA8DDB /* Debug */ = {
			isa = XCBuildConfiguration;
			buildSettings = {
				ASSETCATALOG_COMPILER_APPICON_NAME = AppIcon;
				ASSETCATALOG_COMPILER_GLOBAL_ACCENT_COLOR_NAME = AccentColor;
				CODE_SIGN_STYLE = Automatic;
				CURRENT_PROJECT_VERSION = 1;
				DEVELOPMENT_ASSET_PATHS = "\"Pomodoro Clock/Preview Content\"";
				DEVELOPMENT_TEAM = 8YATDDM3NP;
				ENABLE_PREVIEWS = YES;
				GENERATE_INFOPLIST_FILE = YES;
				INFOPLIST_KEY_UIApplicationSceneManifest_Generation = YES;
				INFOPLIST_KEY_UIApplicationSupportsIndirectInputEvents = YES;
				INFOPLIST_KEY_UILaunchScreen_Generation = YES;
				INFOPLIST_KEY_UISupportedInterfaceOrientations_iPad = "UIInterfaceOrientationPortrait UIInterfaceOrientationPortraitUpsideDown UIInterfaceOrientationLandscapeLeft UIInterfaceOrientationLandscapeRight";
				INFOPLIST_KEY_UISupportedInterfaceOrientations_iPhone = "UIInterfaceOrientationPortrait UIInterfaceOrientationLandscapeLeft UIInterfaceOrientationLandscapeRight";
				LD_RUNPATH_SEARCH_PATHS = (
					"$(inherited)",
					"@executable_path/Frameworks",
				);
				MARKETING_VERSION = 1.0;
				PRODUCT_BUNDLE_IDENTIFIER = "BaoProject.Pomodoro-Clock";
				PRODUCT_NAME = "$(TARGET_NAME)";
				SWIFT_EMIT_LOC_STRINGS = YES;
				SWIFT_VERSION = 5.0;
				TARGETED_DEVICE_FAMILY = "1,2";
			};
			name = Debug;
		};
		582518B52B3B224300AA8DDB /* Release */ = {
			isa = XCBuildConfiguration;
			buildSettings = {
				ASSETCATALOG_COMPILER_APPICON_NAME = AppIcon;
				ASSETCATALOG_COMPILER_GLOBAL_ACCENT_COLOR_NAME = AccentColor;
				CODE_SIGN_STYLE = Automatic;
				CURRENT_PROJECT_VERSION = 1;
				DEVELOPMENT_ASSET_PATHS = "\"Pomodoro Clock/Preview Content\"";
				DEVELOPMENT_TEAM = 8YATDDM3NP;
				ENABLE_PREVIEWS = YES;
				GENERATE_INFOPLIST_FILE = YES;
				INFOPLIST_KEY_UIApplicationSceneManifest_Generation = YES;
				INFOPLIST_KEY_UIApplicationSupportsIndirectInputEvents = YES;
				INFOPLIST_KEY_UILaunchScreen_Generation = YES;
				INFOPLIST_KEY_UISupportedInterfaceOrientations_iPad = "UIInterfaceOrientationPortrait UIInterfaceOrientationPortraitUpsideDown UIInterfaceOrientationLandscapeLeft UIInterfaceOrientationLandscapeRight";
				INFOPLIST_KEY_UISupportedInterfaceOrientations_iPhone = "UIInterfaceOrientationPortrait UIInterfaceOrientationLandscapeLeft UIInterfaceOrientationLandscapeRight";
				LD_RUNPATH_SEARCH_PATHS = (
					"$(inherited)",
					"@executable_path/Frameworks",
				);
				MARKETING_VERSION = 1.0;
				PRODUCT_BUNDLE_IDENTIFIER = "BaoProject.Pomodoro-Clock";
				PRODUCT_NAME = "$(TARGET_NAME)";
				SWIFT_EMIT_LOC_STRINGS = YES;
				SWIFT_VERSION = 5.0;
				TARGETED_DEVICE_FAMILY = "1,2";
			};
			name = Release;
		};
		582518B72B3B224300AA8DDB /* Debug */ = {
			isa = XCBuildConfiguration;
			buildSettings = {
				ALWAYS_EMBED_SWIFT_STANDARD_LIBRARIES = YES;
				BUNDLE_LOADER = "$(TEST_HOST)";
				CODE_SIGN_STYLE = Automatic;
				CURRENT_PROJECT_VERSION = 1;
				DEVELOPMENT_TEAM = 8YATDDM3NP;
				GENERATE_INFOPLIST_FILE = YES;
				IPHONEOS_DEPLOYMENT_TARGET = 16.4;
				MARKETING_VERSION = 1.0;
				PRODUCT_BUNDLE_IDENTIFIER = "BaoProject.Pomodoro-ClockTests";
				PRODUCT_NAME = "$(TARGET_NAME)";
				SWIFT_EMIT_LOC_STRINGS = NO;
				SWIFT_VERSION = 5.0;
				TARGETED_DEVICE_FAMILY = "1,2";
				TEST_HOST = "$(BUILT_PRODUCTS_DIR)/Pomodoro Clock.app/$(BUNDLE_EXECUTABLE_FOLDER_PATH)/Pomodoro Clock";
			};
			name = Debug;
		};
		582518B82B3B224300AA8DDB /* Release */ = {
			isa = XCBuildConfiguration;
			buildSettings = {
				ALWAYS_EMBED_SWIFT_STANDARD_LIBRARIES = YES;
				BUNDLE_LOADER = "$(TEST_HOST)";
				CODE_SIGN_STYLE = Automatic;
				CURRENT_PROJECT_VERSION = 1;
				DEVELOPMENT_TEAM = 8YATDDM3NP;
				GENERATE_INFOPLIST_FILE = YES;
				IPHONEOS_DEPLOYMENT_TARGET = 16.4;
				MARKETING_VERSION = 1.0;
				PRODUCT_BUNDLE_IDENTIFIER = "BaoProject.Pomodoro-ClockTests";
				PRODUCT_NAME = "$(TARGET_NAME)";
				SWIFT_EMIT_LOC_STRINGS = NO;
				SWIFT_VERSION = 5.0;
				TARGETED_DEVICE_FAMILY = "1,2";
				TEST_HOST = "$(BUILT_PRODUCTS_DIR)/Pomodoro Clock.app/$(BUNDLE_EXECUTABLE_FOLDER_PATH)/Pomodoro Clock";
			};
			name = Release;
		};
		582518BA2B3B224300AA8DDB /* Debug */ = {
			isa = XCBuildConfiguration;
			buildSettings = {
				ALWAYS_EMBED_SWIFT_STANDARD_LIBRARIES = YES;
				CODE_SIGN_STYLE = Automatic;
				CURRENT_PROJECT_VERSION = 1;
				DEVELOPMENT_TEAM = 8YATDDM3NP;
				GENERATE_INFOPLIST_FILE = YES;
				MARKETING_VERSION = 1.0;
				PRODUCT_BUNDLE_IDENTIFIER = "BaoProject.Pomodoro-ClockUITests";
				PRODUCT_NAME = "$(TARGET_NAME)";
				SWIFT_EMIT_LOC_STRINGS = NO;
				SWIFT_VERSION = 5.0;
				TARGETED_DEVICE_FAMILY = "1,2";
				TEST_TARGET_NAME = "Pomodoro Clock";
			};
			name = Debug;
		};
		582518BB2B3B224300AA8DDB /* Release */ = {
			isa = XCBuildConfiguration;
			buildSettings = {
				ALWAYS_EMBED_SWIFT_STANDARD_LIBRARIES = YES;
				CODE_SIGN_STYLE = Automatic;
				CURRENT_PROJECT_VERSION = 1;
				DEVELOPMENT_TEAM = 8YATDDM3NP;
				GENERATE_INFOPLIST_FILE = YES;
				MARKETING_VERSION = 1.0;
				PRODUCT_BUNDLE_IDENTIFIER = "BaoProject.Pomodoro-ClockUITests";
				PRODUCT_NAME = "$(TARGET_NAME)";
				SWIFT_EMIT_LOC_STRINGS = NO;
				SWIFT_VERSION = 5.0;
				TARGETED_DEVICE_FAMILY = "1,2";
				TEST_TARGET_NAME = "Pomodoro Clock";
			};
			name = Release;
		};
/* End XCBuildConfiguration section */

/* Begin XCConfigurationList section */
		5825188A2B3B224100AA8DDB /* Build configuration list for PBXProject "Pomodoro Clock" */ = {
			isa = XCConfigurationList;
			buildConfigurations = (
				582518B12B3B224300AA8DDB /* Debug */,
				582518B22B3B224300AA8DDB /* Release */,
			);
			defaultConfigurationIsVisible = 0;
			defaultConfigurationName = Release;
		};
		582518B32B3B224300AA8DDB /* Build configuration list for PBXNativeTarget "Pomodoro Clock" */ = {
			isa = XCConfigurationList;
			buildConfigurations = (
				582518B42B3B224300AA8DDB /* Debug */,
				582518B52B3B224300AA8DDB /* Release */,
			);
			defaultConfigurationIsVisible = 0;
			defaultConfigurationName = Release;
		};
		582518B62B3B224300AA8DDB /* Build configuration list for PBXNativeTarget "Pomodoro ClockTests" */ = {
			isa = XCConfigurationList;
			buildConfigurations = (
				582518B72B3B224300AA8DDB /* Debug */,
				582518B82B3B224300AA8DDB /* Release */,
			);
			defaultConfigurationIsVisible = 0;
			defaultConfigurationName = Release;
		};
		582518B92B3B224300AA8DDB /* Build configuration list for PBXNativeTarget "Pomodoro ClockUITests" */ = {
			isa = XCConfigurationList;
			buildConfigurations = (
				582518BA2B3B224300AA8DDB /* Debug */,
				582518BB2B3B224300AA8DDB /* Release */,
			);
			defaultConfigurationIsVisible = 0;
			defaultConfigurationName = Release;
		};
/* End XCConfigurationList section */
	};
	rootObject = 582518872B3B224100AA8DDB /* Project object */;
}
